// !$*UTF8*$!
{
	archiveVersion = 1;
	classes = {
	};
	objectVersion = 46;
	objects = {

/* Begin PBXBuildFile section */
		A6B877711BCB68C300266BCA /* testformat.c in Sources */ = {isa = PBXBuildFile; fileRef = A6B877701BCB68C300266BCA /* testformat.c */; settings = {ASSET_TAGS = (); }; };
		A6B877731BCB68CD00266BCA /* weatherio.c in Sources */ = {isa = PBXBuildFile; fileRef = A6B877721BCB68CD00266BCA /* weatherio.c */; settings = {ASSET_TAGS = (); }; };
/* End PBXBuildFile section */

/* Begin PBXCopyFilesBuildPhase section */
		A6B877641BCB688600266BCA /* CopyFiles */ = {
			isa = PBXCopyFilesBuildPhase;
			buildActionMask = 2147483647;
			dstPath = /usr/share/man/man1/;
			dstSubfolderSpec = 0;
			files = (
			);
			runOnlyForDeploymentPostprocessing = 1;
		};
/* End PBXCopyFilesBuildPhase section */

/* Begin PBXFileReference section */
		A6B877661BCB688600266BCA /* HW2correct */ = {isa = PBXFileReference; explicitFileType = "compiled.mach-o.executable"; includeInIndex = 0; path = HW2correct; sourceTree = BUILT_PRODUCTS_DIR; };
		A6B877701BCB68C300266BCA /* testformat.c */ = {isa = PBXFileReference; fileEncoding = 4; lastKnownFileType = sourcecode.c.c; name = testformat.c; path = ../../testformat.c; sourceTree = "<group>"; };
		A6B877721BCB68CD00266BCA /* weatherio.c */ = {isa = PBXFileReference; fileEncoding = 4; lastKnownFileType = sourcecode.c.c; name = weatherio.c; path = ../../weatherio.c; sourceTree = "<group>"; };
		A6B877741BCB68DF00266BCA /* weatherio.h */ = {isa = PBXFileReference; fileEncoding = 4; lastKnownFileType = sourcecode.c.h; name = weatherio.h; path = ../../weatherio.h; sourceTree = "<group>"; };
/* End PBXFileReference section */

/* Begin PBXFrameworksBuildPhase section */
		A6B877631BCB688600266BCA /* Frameworks */ = {
			isa = PBXFrameworksBuildPhase;
			buildActionMask = 2147483647;
			files = (
			);
			runOnlyForDeploymentPostprocessing = 0;
		};
/* End PBXFrameworksBuildPhase section */

/* Begin PBXGroup section */
		A6B8775D1BCB688600266BCA = {
			isa = PBXGroup;
			children = (
				A6B877681BCB688600266BCA /* HW2correct */,
				A6B877671BCB688600266BCA /* Products */,
			);
			sourceTree = "<group>";
		};
		A6B877671BCB688600266BCA /* Products */ = {
			isa = PBXGroup;
			children = (
				A6B877661BCB688600266BCA /* HW2correct */,
			);
			name = Products;
			sourceTree = "<group>";
		};
		A6B877681BCB688600266BCA /* HW2correct */ = {
			isa = PBXGroup;
			children = (
				A6B877741BCB68DF00266BCA /* weatherio.h */,
				A6B877721BCB68CD00266BCA /* weatherio.c */,
				A6B877701BCB68C300266BCA /* testformat.c */,
			);
			path = HW2correct;
			sourceTree = "<group>";
		};
/* End PBXGroup section */

/* Begin PBXNativeTarget section */
		A6B877651BCB688600266BCA /* HW2correct */ = {
			isa = PBXNativeTarget;
			buildConfigurationList = A6B8776D1BCB688600266BCA /* Build configuration list for PBXNativeTarget "HW2correct" */;
			buildPhases = (
				A6B877621BCB688600266BCA /* Sources */,
				A6B877631BCB688600266BCA /* Frameworks */,
				A6B877641BCB688600266BCA /* CopyFiles */,
			);
			buildRules = (
			);
			dependencies = (
			);
			name = HW2correct;
			productName = HW2correct;
			productReference = A6B877661BCB688600266BCA /* HW2correct */;
			productType = "com.apple.product-type.tool";
		};
/* End PBXNativeTarget section */

/* Begin PBXProject section */
		A6B8775E1BCB688600266BCA /* Project object */ = {
			isa = PBXProject;
			attributes = {
				LastUpgradeCheck = 0700;
				ORGANIZATIONNAME = "Yiran Xu";
				TargetAttributes = {
					A6B877651BCB688600266BCA = {
						CreatedOnToolsVersion = 7.0.1;
					};
				};
			};
			buildConfigurationList = A6B877611BCB688600266BCA /* Build configuration list for PBXProject "HW2correct" */;
			compatibilityVersion = "Xcode 3.2";
			developmentRegion = English;
			hasScannedForEncodings = 0;
			knownRegions = (
				en,
			);
			mainGroup = A6B8775D1BCB688600266BCA;
			productRefGroup = A6B877671BCB688600266BCA /* Products */;
			projectDirPath = "";
			projectRoot = "";
			targets = (
				A6B877651BCB688600266BCA /* HW2correct */,
			);
		};
/* End PBXProject section */

/* Begin PBXSourcesBuildPhase section */
		A6B877621BCB688600266BCA /* Sources */ = {
			isa = PBXSourcesBuildPhase;
			buildActionMask = 2147483647;
			files = (
				A6B877711BCB68C300266BCA /* testformat.c in Sources */,
				A6B877731BCB68CD00266BCA /* weatherio.c in Sources */,
			);
			runOnlyForDeploymentPostprocessing = 0;
		};
/* End PBXSourcesBuildPhase section */

/* Begin XCBuildConfiguration section */
		A6B8776B1BCB688600266BCA /* Debug */ = {
			isa = XCBuildConfiguration;
			buildSettings = {
				ALWAYS_SEARCH_USER_PATHS = NO;
				CLANG_CXX_LANGUAGE_STANDARD = "gnu++0x";
				CLANG_CXX_LIBRARY = "libc++";
				CLANG_ENABLE_MODULES = YES;
				CLANG_ENABLE_OBJC_ARC = YES;
				CLANG_WARN_BOOL_CONVERSION = YES;
				CLANG_WARN_CONSTANT_CONVERSION = YES;
				CLANG_WARN_DIRECT_OBJC_ISA_USAGE = YES_ERROR;
				CLANG_WARN_EMPTY_BODY = YES;
				CLANG_WARN_ENUM_CONVERSION = YES;
				CLANG_WARN_INT_CONVERSION = YES;
				CLANG_WARN_OBJC_ROOT_CLASS = YES_ERROR;
				CLANG_WARN_UNREACHABLE_CODE = YES;
				CLANG_WARN__DUPLICATE_METHOD_MATCH = YES;
				COPY_PHASE_STRIP = NO;
				DEBUG_INFORMATION_FORMAT = dwarf;
				ENABLE_STRICT_OBJC_MSGSEND = YES;
				ENABLE_TESTABILITY = YES;
				GCC_C_LANGUAGE_STANDARD = gnu99;
				GCC_DYNAMIC_NO_PIC = NO;
				GCC_NO_COMMON_BLOCKS = YES;
				GCC_OPTIMIZATION_LEVEL = 0;
				GCC_PREPROCESSOR_DEFINITIONS = (
					"DEBUG=1",
					"$(inherited)",
				);
				GCC_WARN_64_TO_32_BIT_CONVERSION = YES;
				GCC_WARN_ABOUT_RETURN_TYPE = YES_ERROR;
				GCC_WARN_UNDECLARED_SELECTOR = YES;
				GCC_WARN_UNINITIALIZED_AUTOS = YES_AGGRESSIVE;
				GCC_WARN_UNUSED_FUNCTION = YES;
				GCC_WARN_UNUSED_VARIABLE = YES;
				MACOSX_DEPLOYMENT_TARGET = 10.11;
				MTL_ENABLE_DEBUG_INFO = YES;
				ONLY_ACTIVE_ARCH = YES;
				SDKROOT = macosx;
			};
			name = Debug;
		};
		A6B8776C1BCB688600266BCA /* Release */ = {
			isa = XCBuildConfiguration;
			buildSettings = {
				ALWAYS_SEARCH_USER_PATHS = NO;
				CLANG_CXX_LANGUAGE_STANDARD = "gnu++0x";
				CLANG_CXX_LIBRARY = "libc++";
				CLANG_ENABLE_MODULES = YES;
				CLANG_ENABLE_OBJC_ARC = YES;
				CLANG_WARN_BOOL_CONVERSION = YES;
				CLANG_WARN_CONSTANT_CONVERSION = YES;
				CLANG_WARN_DIRECT_OBJC_ISA_USAGE = YES_ERROR;
				CLANG_WARN_EMPTY_BODY = YES;
				CLANG_WARN_ENUM_CONVERSION = YES;
				CLANG_WARN_INT_CONVERSION = YES;
				CLANG_WARN_OBJC_ROOT_CLASS = YES_ERROR;
				CLANG_WARN_UNREACHABLE_CODE = YES;
				CLANG_WARN__DUPLICATE_METHOD_MATCH = YES;
				COPY_PHASE_STRIP = NO;
				DEBUG_INFORMATION_FORMAT = "dwarf-with-dsym";
				ENABLE_NS_ASSERTIONS = NO;
				ENABLE_STRICT_OBJC_MSGSEND = YES;
				GCC_C_LANGUAGE_STANDARD = gnu99;
				GCC_NO_COMMON_BLOCKS = YES;
				GCC_WARN_64_TO_32_BIT_CONVERSION = YES;
				GCC_WARN_ABOUT_RETURN_TYPE = YES_ERROR;
				GCC_WARN_UNDECLARED_SELECTOR = YES;
				GCC_WARN_UNINITIALIZED_AUTOS = YES_AGGRESSIVE;
				GCC_WARN_UNUSED_FUNCTION = YES;
				GCC_WARN_UNUSED_VARIABLE = YES;
				MACOSX_DEPLOYMENT_TARGET = 10.11;
				MTL_ENABLE_DEBUG_INFO = NO;
				SDKROOT = macosx;
			};
			name = Release;
		};
		A6B8776E1BCB688600266BCA /* Debug */ = {
			isa = XCBuildConfiguration;
			buildSettings = {
				PRODUCT_NAME = "$(TARGET_NAME)";
			};
			name = Debug;
		};
		A6B8776F1BCB688600266BCA /* Release */ = {
			isa = XCBuildConfiguration;
			buildSettings = {
				PRODUCT_NAME = "$(TARGET_NAME)";
			};
			name = Release;
		};
/* End XCBuildConfiguration section */

/* Begin XCConfigurationList section */
		A6B877611BCB688600266BCA /* Build configuration list for PBXProject "HW2correct" */ = {
			isa = XCConfigurationList;
			buildConfigurations = (
				A6B8776B1BCB688600266BCA /* Debug */,
				A6B8776C1BCB688600266BCA /* Release */,
			);
			defaultConfigurationIsVisible = 0;
			defaultConfigurationName = Release;
		};
		A6B8776D1BCB688600266BCA /* Build configuration list for PBXNativeTarget "HW2correct" */ = {
			isa = XCConfigurationList;
			buildConfigurations = (
				A6B8776E1BCB688600266BCA /* Debug */,
				A6B8776F1BCB688600266BCA /* Release */,
			);
			defaultConfigurationIsVisible = 0;
		};
/* End XCConfigurationList section */
	};
	rootObject = A6B8775E1BCB688600266BCA /* Project object */;
}
